{
  "name": "portfolio",
  "version": "1.0.0",
  "lockfileVersion": 1,
  "requires": true,
  "dependencies": {
    "@sweetalert2/theme-dark": {
      "version": "4.0.1",
      "resolved": "https://registry.npmjs.org/@sweetalert2/theme-dark/-/theme-dark-4.0.1.tgz",
      "integrity": "sha512-GBDG2o2uhxXrRploARkrLdytmLk7qjbMbpIlRtYqcOiRbtWmogTzs27759h9B2723qBck8gX9TmSCpZDkXk2RQ=="
    },
    "sweetalert2": {
      "version": "10.10.1",
      "resolved": "https://registry.npmjs.org/sweetalert2/-/sweetalert2-10.10.1.tgz",
      "integrity": "sha512-lUdjFEE3ZKJ9OIhIZ1v3yAMwC5gGsBz5N/+FvTVY0Ttw+ZVcoIIPX2K4V+p+PKnFChm0Pan1j8xwYLgcvt0O7g=="
    }
  }
}
